
Microsoft Visual Studio Solution File, Format Version 12.00
# Visual Studio Version 16
VisualStudioVersion = 16.0.31025.194
MinimumVisualStudioVersion = 10.0.40219.1
Project("{9A19103F-16F7-4668-BE54-9A1E7A4F7556}") = "Ages", "Ages\Ages.csproj", "{D96DB668-DF66-4354-974F-F33631971A91}"
EndProject
Project("{9A19103F-16F7-4668-BE54-9A1E7A4F7556}") = "Division", "Division\Division.csproj", "{EA827F8E-7969-4680-BB0A-F16A360B59F9}"
EndProject
Project("{9A19103F-16F7-4668-BE54-9A1E7A4F7556}") = "Vacation", "Vacation\Vacation.csproj", "{E315392C-A23B-4720-905A-6F640A603EBC}"
EndProject
Project("{9A19103F-16F7-4668-BE54-9A1E7A4F7556}") = "PrintAndSum", "PrintAndSum\PrintAndSum.csproj", "{06F07E7B-3495-4A50-91D6-CA017B91989B}"
EndProject
Project("{9A19103F-16F7-4668-BE54-9A1E7A4F7556}") = "Login", "Login\Login.csproj", "{BA5CEE65-BDBE-40BF-9398-0401EDE395DB}"
EndProject
Project("{9A19103F-16F7-4668-BE54-9A1E7A4F7556}") = "StrongNumber", "StrongNumber\StrongNumber.csproj", "{1350F1D1-933F-4739-8E05-20FBD7EE921B}"
EndProject
Project("{9A19103F-16F7-4668-BE54-9A1E7A4F7556}") = "VendingMachine", "VendingMachine\VendingMachine.csproj", "{8B98BC6E-9929-40F8-9FC3-4450B34A4E17}"
EndProject
Project("{9A19103F-16F7-4668-BE54-9A1E7A4F7556}") = "TriangleOfNumbers", "TriangleOfNumbers\TriangleOfNumbers.csproj", "{9180C365-1CED-4CE4-A29E-58279AC9879C}"
EndProject
Project("{9A19103F-16F7-4668-BE54-9A1E7A4F7556}") = "Padawan Equipment", "Padawan Equipment\Padawan Equipment.csproj", "{A8B5A398-5892-4D24-BF85-2D7F0ACA5D84}"
EndProject
Project("{9A19103F-16F7-4668-BE54-9A1E7A4F7556}") = "Rage Expenses", "Rage Expenses\Rage Expenses.csproj", "{5FCA587F-B6F4-4169-A0B9-54A1EEC9230B}"
EndProject
Project("{9A19103F-16F7-4668-BE54-9A1E7A4F7556}") = "Orders", "Orders\Orders.csproj", "{F0E7AC80-4826-4400-999F-EC7DE26B79B5}"
EndProject
Project("{9A19103F-16F7-4668-BE54-9A1E7A4F7556}") = "IntegerOperations", "IntegerOperations\IntegerOperations.csproj", "{3D9920F3-7DC3-4A1C-9E21-C3CF99EF22D8}"
EndProject
Project("{9A19103F-16F7-4668-BE54-9A1E7A4F7556}") = "SumDigits", "SumDigits\SumDigits.csproj", "{B8C6599C-C5A6-41EA-8561-DDC7E092C2BC}"
EndProject
Project("{9A19103F-16F7-4668-BE54-9A1E7A4F7556}") = "Elevator", "Elevator\Elevator.csproj", "{ADD799C4-52E1-4A61-9973-8D1B1B3EC8CE}"
EndProject
Project("{9A19103F-16F7-4668-BE54-9A1E7A4F7556}") = "SumOfChars", "SumOfChars\SumOfChars.csproj", "{32AF3EF4-E636-4F24-BD45-455F51F5FA71}"
EndProject
Project("{9A19103F-16F7-4668-BE54-9A1E7A4F7556}") = "PrintPartOfASCIITable", "PrintPartOfASCIITable\PrintPartOfASCIITable.csproj", "{8BAFD0F8-9736-4F40-9430-824097BF1769}"
EndProject
Project("{9A19103F-16F7-4668-BE54-9A1E7A4F7556}") = "TriplesofLatinLetters", "TriplesofLatinLetters\TriplesofLatinLetters.csproj", "{4A9AD0F2-97F1-43F6-B9FE-01BB79D9B2D4}"
EndProject
Project("{9A19103F-16F7-4668-BE54-9A1E7A4F7556}") = "WaterOverflow", "WaterOverflow\WaterOverflow.csproj", "{77258730-DD33-418E-AC14-D0C563B1C97A}"
EndProject
Project("{9A19103F-16F7-4668-BE54-9A1E7A4F7556}") = "BeerKegs", "BeerKegs\BeerKegs.csproj", "{39C8462C-A701-492A-A46E-8B4FE301842A}"
EndProject
Project("{9A19103F-16F7-4668-BE54-9A1E7A4F7556}") = "SpiceMustFlow", "SpiceMustFlow\SpiceMustFlow.csproj", "{52D88170-990B-4A01-9B5A-8398A739B173}"
EndProject
Project("{9A19103F-16F7-4668-BE54-9A1E7A4F7556}") = "PokeMon", "PokeMon\PokeMon.csproj", "{22B65DE3-DD70-425A-933D-24A6BF4B15DD}"
EndProject
Project("{9A19103F-16F7-4668-BE54-9A1E7A4F7556}") = "Snowballs", "Snowballs\Snowballs.csproj", "{110CD7D6-EE3E-453D-A915-136A277392CF}"
EndProject
Project("{9A19103F-16F7-4668-BE54-9A1E7A4F7556}") = "DataTypeFinder", "DataTypeFinder\DataTypeFinder.csproj", "{F1D0CEF0-C155-4A9F-A98A-D67D8C1998B1}"
EndProject
Project("{9A19103F-16F7-4668-BE54-9A1E7A4F7556}") = "FromLeftToTheRight", "FromLeftToTheRight\FromLeftToTheRight.csproj", "{1FC51531-34F0-47B8-99E6-8A0A629B020B}"
EndProject
Project("{9A19103F-16F7-4668-BE54-9A1E7A4F7556}") = "FloatingEquality", "FloatingEquality\FloatingEquality.csproj", "{D52E922E-86C5-4C34-B0D0-B6494DBFD82F}"
EndProject
Project("{9A19103F-16F7-4668-BE54-9A1E7A4F7556}") = "RefactoringPrimeChecker", "RefactoringPrimeChecker\RefactoringPrimeChecker.csproj", "{6DC2110C-1B33-447F-A498-5ADDB32FCAF4}"
EndProject
Project("{9A19103F-16F7-4668-BE54-9A1E7A4F7556}") = "DecryptingMessage", "DecryptingMessage\DecryptingMessage.csproj", "{E4636F30-6D1C-4840-AC60-26CE2CFE0D3B}"
EndProject
Project("{9A19103F-16F7-4668-BE54-9A1E7A4F7556}") = "BalancedBrackets", "BalancedBrackets\BalancedBrackets.csproj", "{F53E5444-73D3-4CDA-BA1C-67B86968C362}"
EndProject
Project("{9A19103F-16F7-4668-BE54-9A1E7A4F7556}") = "Train", "Train\Train.csproj", "{529E2E01-C245-4510-905F-2BB460775C08}"
EndProject
Project("{9A19103F-16F7-4668-BE54-9A1E7A4F7556}") = "CommonElements", "CommonElements\CommonElements.csproj", "{FC3536FE-5961-4B84-99A9-92FA2F404CAC}"
EndProject
Project("{9A19103F-16F7-4668-BE54-9A1E7A4F7556}") = "Zig-ZagArrays", "Zig-ZagArrays\Zig-ZagArrays.csproj", "{D7288F54-DE40-4B9E-9FF5-0D2E9C5F1611}"
EndProject
Project("{9A19103F-16F7-4668-BE54-9A1E7A4F7556}") = "ArrayRotation", "ArrayRotation\ArrayRotation.csproj", "{CDC1B064-C662-4A98-AF2E-0AE41BCDCEC6}"
EndProject
Project("{9A19103F-16F7-4668-BE54-9A1E7A4F7556}") = "TopIntegers", "TopIntegers\TopIntegers.csproj", "{FD064E5A-2668-447D-8647-C8D4D1325D42}"
EndProject
Project("{9A19103F-16F7-4668-BE54-9A1E7A4F7556}") = "EqualSum", "EqualSum\EqualSum.csproj", "{F9F696EF-58B2-4F22-8BEB-D35A6B0C53F3}"
EndProject
Project("{9A19103F-16F7-4668-BE54-9A1E7A4F7556}") = "MaxSequenceOfEqualElements", "MaxSequenceOfEqualElements\MaxSequenceOfEqualElements.csproj", "{3546DDCC-AA70-43CB-AD24-AE73C9E01FDB}"
EndProject
Project("{9A19103F-16F7-4668-BE54-9A1E7A4F7556}") = "MagicSum", "MagicSum\MagicSum.csproj", "{08031252-1FD4-4E47-97FA-AC9470AF70FD}"
EndProject
Project("{9A19103F-16F7-4668-BE54-9A1E7A4F7556}") = "KaminoFactory", "KaminoFactory\KaminoFactory.csproj", "{D23F7A10-97A5-4033-81DE-F0BC4C79BD27}"
EndProject
Project("{9A19103F-16F7-4668-BE54-9A1E7A4F7556}") = "EncryptSortAndPrintArray", "EncryptSortAndPrintArray\EncryptSortAndPrintArray.csproj", "{BE5F4441-2D50-4B02-B51B-94D2A4D7F69A}"
EndProject
Project("{9A19103F-16F7-4668-BE54-9A1E7A4F7556}") = "PascalTriangle", "PascalTriangle\PascalTriangle.csproj", "{B14C54EA-2D16-4BFC-81F9-08CA1CB458BC}"
EndProject
Project("{9A19103F-16F7-4668-BE54-9A1E7A4F7556}") = "RecursiveFibonacci", "RecursiveFibonacci\RecursiveFibonacci.csproj", "{59BCC598-6C41-4D72-A0C4-C0739FA64BA8}"
EndProject
Project("{9A19103F-16F7-4668-BE54-9A1E7A4F7556}") = "FoldAndSum", "FoldAndSum\FoldAndSum.csproj", "{403138A0-F0FA-4891-8005-E754B21BF231}"
EndProject
Project("{9A19103F-16F7-4668-BE54-9A1E7A4F7556}") = "LongestIncreasingSubsequence", "LongestIncreasingSubsequence\LongestIncreasingSubsequence.csproj", "{09CB686C-3297-4D36-BBF3-CD00D45F189D}"
EndProject
Project("{9A19103F-16F7-4668-BE54-9A1E7A4F7556}") = "SmallestOfThreeNumbers", "SmallestOfThreeNumbers\SmallestOfThreeNumbers.csproj", "{5562972C-E700-4328-8DF1-C8CEAB918140}"
EndProject
Project("{9A19103F-16F7-4668-BE54-9A1E7A4F7556}") = "VowelsCount", "VowelsCount\VowelsCount.csproj", "{9C900A10-3C97-4CB9-B499-4B0FED5F8C83}"
EndProject
Project("{9A19103F-16F7-4668-BE54-9A1E7A4F7556}") = "CharactersInRange", "CharactersInRange\CharactersInRange.csproj", "{DFF5127B-A3EA-4E59-8431-B4284B84D365}"
EndProject
Project("{9A19103F-16F7-4668-BE54-9A1E7A4F7556}") = "PasswordValidator", "PasswordValidator\PasswordValidator.csproj", "{A4D1EF7F-1148-4008-9B38-F8ED62C8E67D}"
EndProject
Project("{9A19103F-16F7-4668-BE54-9A1E7A4F7556}") = "AddAndSubtract", "AddAndSubtract\AddAndSubtract.csproj", "{1B270898-E988-499D-BBCB-C93F3F04B7BA}"
EndProject
Project("{9A19103F-16F7-4668-BE54-9A1E7A4F7556}") = "MiddleCharacters", "MiddleCharacters\MiddleCharacters.csproj", "{F240DB27-5F90-44E0-9EB2-43B55B317520}"
EndProject
Project("{9A19103F-16F7-4668-BE54-9A1E7A4F7556}") = "NxNMatrix", "NxNMatrix\NxNMatrix.csproj", "{B48DA381-1A98-47D4-BF63-D8BE97CD1235}"
EndProject
Project("{9A19103F-16F7-4668-BE54-9A1E7A4F7556}") = "FactorialDivision", "FactorialDivision\FactorialDivision.csproj", "{01CC51C3-DAF3-4AEE-BFE3-88B75521DE87}"
EndProject
Project("{9A19103F-16F7-4668-BE54-9A1E7A4F7556}") = "PalindromeIntegers", "PalindromeIntegers\PalindromeIntegers.csproj", "{4B29E9A0-CF47-4F8D-974A-8FE6252A5D65}"
EndProject
Project("{9A19103F-16F7-4668-BE54-9A1E7A4F7556}") = "TopNumber", "TopNumber\TopNumber.csproj", "{DDC9C9B8-242C-4E40-91DD-70CF96B6BFA0}"
EndProject
Project("{9A19103F-16F7-4668-BE54-9A1E7A4F7556}") = "ArrayManipulator", "ArrayManipulator\ArrayManipulator.csproj", "{32767C51-5270-49DD-A058-423A2661BA0B}"
EndProject
Project("{9A19103F-16F7-4668-BE54-9A1E7A4F7556}") = "DataTypes", "DataTypes\DataTypes.csproj", "{675B5A51-7B64-4387-9F8F-CAB051D3D129}"
EndProject
Project("{9A19103F-16F7-4668-BE54-9A1E7A4F7556}") = "CenterPoint", "CenterPoint\CenterPoint.csproj", "{C7907D27-049D-48C1-B7F7-41EA24807CA8}"
EndProject
Project("{9A19103F-16F7-4668-BE54-9A1E7A4F7556}") = "LongerLine", "LongerLine\LongerLine.csproj", "{F2A6EEBF-9C8F-4279-812B-50DF991988D1}"
EndProject
Project("{9A19103F-16F7-4668-BE54-9A1E7A4F7556}") = "TribonacciSequence", "TribonacciSequence\TribonacciSequence.csproj", "{B28CD8CA-DFD0-44F2-BF47-E69A010C2D94}"
EndProject
Project("{9A19103F-16F7-4668-BE54-9A1E7A4F7556}") = "MultiplicationSign", "MultiplicationSign\MultiplicationSign.csproj", "{572493B1-8E3F-4560-A49F-B28D5362B7A7}"
EndProject
Project("{9A19103F-16F7-4668-BE54-9A1E7A4F7556}") = "ChangeList", "ChangeList\ChangeList.csproj", "{C7EB721F-4AFC-4F31-A019-F3B645898624}"
EndProject
Project("{9A19103F-16F7-4668-BE54-9A1E7A4F7556}") = "HouseParty", "HouseParty\HouseParty.csproj", "{C58BC7AF-C3EF-4ED2-8EB1-3840E71448CE}"
EndProject
Project("{9A19103F-16F7-4668-BE54-9A1E7A4F7556}") = "ListOperations", "ListOperations\ListOperations.csproj", "{1111AA48-AFC7-494A-9A43-2627FE7EC3EB}"
EndProject
Project("{9A19103F-16F7-4668-BE54-9A1E7A4F7556}") = "BombNumbers", "BombNumbers\BombNumbers.csproj", "{A27C276A-6D2F-4A6B-825C-0C45B0A416E3}"
EndProject
Project("{9A19103F-16F7-4668-BE54-9A1E7A4F7556}") = "CardsGame", "CardsGame\CardsGame.csproj", "{349C1506-C855-4AAC-ABEC-7B5026AF078D}"
EndProject
Project("{9A19103F-16F7-4668-BE54-9A1E7A4F7556}") = "AppendArrays", "AppendArrays\AppendArrays.csproj", "{6FC5509B-3CD6-409D-86BB-2DB88E8C9DA6}"
EndProject
Project("{9A19103F-16F7-4668-BE54-9A1E7A4F7556}") = "AnonymousThreat", "AnonymousThreat\AnonymousThreat.csproj", "{7E2CA145-BF41-41D1-8BEB-A44FF8ABA541}"
EndProject
Project("{9A19103F-16F7-4668-BE54-9A1E7A4F7556}") = "Messaging", "Messaging\Messaging.csproj", "{E12BEF0A-96BD-4996-95D1-8C69C6CC90DE}"
EndProject
Project("{9A19103F-16F7-4668-BE54-9A1E7A4F7556}") = "CarRace", "CarRace\CarRace.csproj", "{1FE46CC1-60B3-4E28-BA08-367E99F90752}"
EndProject
Project("{9A19103F-16F7-4668-BE54-9A1E7A4F7556}") = "TakeOrSkipRope", "TakeOrSkipRope\TakeOrSkipRope.csproj", "{70762364-E95E-4930-8D2E-883B6177379C}"
EndProject
Project("{9A19103F-16F7-4668-BE54-9A1E7A4F7556}") = "MixedUpLists", "MixedUpLists\MixedUpLists.csproj", "{B9F51714-C680-4A68-9EBD-78DB63583B42}"
EndProject
Project("{9A19103F-16F7-4668-BE54-9A1E7A4F7556}") = "DrumSet", "DrumSet\DrumSet.csproj", "{6525AC2A-0ABE-4254-842F-31BE05D0F7BE}"
EndProject
Project("{9A19103F-16F7-4668-BE54-9A1E7A4F7556}") = "GuineaPig", "GuineaPig\GuineaPig.csproj", "{F9963223-4AE7-4A13-BB33-1D4E45A3CEA4}"
EndProject
Project("{9A19103F-16F7-4668-BE54-9A1E7A4F7556}") = "TheLift", "TheLift\TheLift.csproj", "{4049481D-193D-407B-85D7-7FA8AB1D15BF}"
EndProject
Project("{9A19103F-16F7-4668-BE54-9A1E7A4F7556}") = "MovingTarget", "MovingTarget\MovingTarget.csproj", "{7DE213DC-9184-4B24-9F44-04CDA7232B61}"
EndProject
Project("{9A19103F-16F7-4668-BE54-9A1E7A4F7556}") = "CounterStrike", "CounterStrike\CounterStrike.csproj", "{9D06951C-2A9C-44A7-89A5-B08CB9933F08}"
EndProject
Project("{9A19103F-16F7-4668-BE54-9A1E7A4F7556}") = "ShootForTheWin", "ShootForTheWin\ShootForTheWin.csproj", "{B1601604-91EF-4CC8-AF39-3C5DAF809C65}"
EndProject
Project("{9A19103F-16F7-4668-BE54-9A1E7A4F7556}") = "MemoryGame", "MemoryGame\MemoryGame.csproj", "{C11FB11C-898C-47E7-A8FA-8AEB3B2878F2}"
EndProject
Project("{9A19103F-16F7-4668-BE54-9A1E7A4F7556}") = "PokemonDontGo", "PokemonDontDOGo\PokemonDontGo.csproj", "{97F3B463-23AC-44EF-9771-398A9CB569EB}"
EndProject
Project("{9A19103F-16F7-4668-BE54-9A1E7A4F7556}") = "SoftUniCoursePlanning", "SoftUniCoursePlanning\SoftUniCoursePlanning.csproj", "{BF81F81E-2368-48D4-AE5C-369278F50A7F}"
EndProject
Project("{9A19103F-16F7-4668-BE54-9A1E7A4F7556}") = "ExperienceGaining", "ExperienceGaining\ExperienceGaining.csproj", "{FEEEE0BB-8A6B-4AF0-88C7-6AE08C514835}"
EndProject
Project("{9A19103F-16F7-4668-BE54-9A1E7A4F7556}") = "Numbers", "Numbers\Numbers.csproj", "{706C1A61-185A-475E-99E5-FE4957029036}"
EndProject
Project("{9A19103F-16F7-4668-BE54-9A1E7A4F7556}") = "PhoneShop", "PhoneShop\PhoneShop.csproj", "{58297C33-774B-4EED-B19E-D35FC320A4AD}"
EndProject
Project("{9A19103F-16F7-4668-BE54-9A1E7A4F7556}") = "RandomizeWords", "RandomizeWords\RandomizeWords.csproj", "{3D76DAF0-C315-4871-B0A4-9CE5D63ACF3E}"
EndProject
Project("{9A19103F-16F7-4668-BE54-9A1E7A4F7556}") = "BigFactorial", "BigFactorial\BigFactorial.csproj", "{6E1ECD21-5B02-4B15-AA8F-077C96AF6E3F}"
EndProject
Project("{9A19103F-16F7-4668-BE54-9A1E7A4F7556}") = "Songs", "Songs\Songs.csproj", "{5FAC5705-57EA-4861-BDB6-44C14BC3DD73}"
EndProject
Project("{9A19103F-16F7-4668-BE54-9A1E7A4F7556}") = "Students", "Students\Students.csproj", "{5058F284-70A3-422A-B9B1-207996AE47C5}"
EndProject
Project("{9A19103F-16F7-4668-BE54-9A1E7A4F7556}") = "Students2.0", "Students2.0\Students2.0.csproj", "{E378D379-2FB0-412D-8FB7-0F1AF42741C9}"
EndProject
Project("{9A19103F-16F7-4668-BE54-9A1E7A4F7556}") = "StoreBoxes", "StoreBoxes\StoreBoxes.csproj", "{0E29B9B6-9BC0-48F2-9196-0B40788B7915}"
EndProject
Project("{9A19103F-16F7-4668-BE54-9A1E7A4F7556}") = "VehicleCatalogue", "VehicleCatalogue\VehicleCatalogue.csproj", "{4625C483-BFC9-4E92-8F54-70B9367F0781}"
EndProject
Project("{9A19103F-16F7-4668-BE54-9A1E7A4F7556}") = "AdvertisementMessage", "AdvertisementMessage\AdvertisementMessage.csproj", "{D5292A93-FD11-411E-9B13-4BAC41A26457}"
EndProject
Project("{9A19103F-16F7-4668-BE54-9A1E7A4F7556}") = "Articles", "Articles\Articles.csproj", "{327FA778-6BF4-440B-8892-9E8743A50026}"
EndProject
Project("{9A19103F-16F7-4668-BE54-9A1E7A4F7556}") = "Articles2.0", "Articles2.0\Articles2.0.csproj", "{208C03E6-9ECD-410C-A8B3-62001617B37A}"
EndProject
Project("{9A19103F-16F7-4668-BE54-9A1E7A4F7556}") = "TeamworkProjects", "TeamworkProjects\TeamworkProjects.csproj", "{832F8B5E-0EC8-452F-9B00-73CA5A6D0459}"
EndProject
Project("{9A19103F-16F7-4668-BE54-9A1E7A4F7556}") = "OrderByAge", "OrderByAge\OrderByAge.csproj", "{39430B44-0CEA-4628-92F6-4FE5EAE3A97F}"
EndProject
Project("{9A19103F-16F7-4668-BE54-9A1E7A4F7556}") = "CompanyRoster", "CompanyRoster\CompanyRoster.csproj", "{4D3E55B7-8B32-4B22-8A86-3DAD022C0C4F}"
EndProject
Project("{9A19103F-16F7-4668-BE54-9A1E7A4F7556}") = "OldestFamilyMember", "OldestFamilyMember\OldestFamilyMember.csproj", "{E8C496D3-480A-4C96-86A8-08F1903354E6}"
EndProject
Project("{9A19103F-16F7-4668-BE54-9A1E7A4F7556}") = "SpeedRacing", "SpeedRacing\SpeedRacing.csproj", "{321A90CB-2080-40D8-9444-27143C4757A6}"
EndProject
Project("{9A19103F-16F7-4668-BE54-9A1E7A4F7556}") = "RawData", "RawData\RawData.csproj", "{97A00CD4-70A7-4F69-8366-29CAEAE40E4D}"
EndProject
Project("{9A19103F-16F7-4668-BE54-9A1E7A4F7556}") = "ShoppingSpree", "ShoppingSpree\ShoppingSpree.csproj", "{CC4EC96B-D342-4184-888B-849B8BE350A0}"
EndProject
Project("{9A19103F-16F7-4668-BE54-9A1E7A4F7556}") = "CountRealNumbers", "CountRealNumbers\CountRealNumbers.csproj", "{0C302788-4E92-458F-A375-9387A3C7BCDD}"
EndProject
Project("{9A19103F-16F7-4668-BE54-9A1E7A4F7556}") = "OddOccurrences", "OddOccurrences\OddOccurrences.csproj", "{ED6F64E1-D84A-46D8-8D17-760CDFA91EC7}"
EndProject
Project("{9A19103F-16F7-4668-BE54-9A1E7A4F7556}") = "WordSynomyms", "WordSynomyms\WordSynomyms.csproj", "{5B14A5C8-3801-448D-B5A7-FA67F4F31CEC}"
EndProject
Project("{9A19103F-16F7-4668-BE54-9A1E7A4F7556}") = "WordFilter", "WordFilter\WordFilter.csproj", "{A0ED0844-22D6-48BB-9816-4E9A40075F01}"
EndProject
Project("{9A19103F-16F7-4668-BE54-9A1E7A4F7556}") = "CountCharsInAString", "CountCharsInAString\CountCharsInAString.csproj", "{8CC46D1E-A7DF-4279-9020-6066312417E6}"
EndProject
Project("{9A19103F-16F7-4668-BE54-9A1E7A4F7556}") = "AMinerTask", "AMinerTask\AMinerTask.csproj", "{007DB32F-BF29-44F9-A89F-6F3FA8B4B46B}"
EndProject
Project("{9A19103F-16F7-4668-BE54-9A1E7A4F7556}") = "SoftUniParking", "SoftUniParking\SoftUniParking.csproj", "{A0B07D1A-A8B0-4372-ADE8-0A21ACE4B7B9}"
EndProject
Project("{9A19103F-16F7-4668-BE54-9A1E7A4F7556}") = "Courses", "Courses\Courses.csproj", "{EA69FC78-C6D1-4E9A-9B7F-266B09CD1C86}"
EndProject
Project("{9A19103F-16F7-4668-BE54-9A1E7A4F7556}") = "StudentAcademy", "StudentAcademy\StudentAcademy.csproj", "{DA91CBDB-D593-4FD4-AB01-7A486BB47364}"
EndProject
Project("{9A19103F-16F7-4668-BE54-9A1E7A4F7556}") = "CompanyUsers", "CompanyUsers\CompanyUsers.csproj", "{39D93162-33EE-4746-9630-CD165347BD5C}"
EndProject
Project("{9A19103F-16F7-4668-BE54-9A1E7A4F7556}") = "Ranking", "Ranking\Ranking.csproj", "{12F1BFDA-B7BA-4248-AAE5-D43BF374AF8D}"
EndProject
Project("{9A19103F-16F7-4668-BE54-9A1E7A4F7556}") = "Judge", "Judge\Judge.csproj", "{7999537C-ADE2-453D-8E1C-EB21DC697775}"
EndProject
Project("{9A19103F-16F7-4668-BE54-9A1E7A4F7556}") = "MOBAChallenger", "MOBAChallenger\MOBAChallenger.csproj", "{A0AA5BCD-CFB4-40DD-BD00-00ADEE6ED967}"
EndProject
Project("{FAE04EC0-301F-11D3-BF4B-00C04F79EFBC}") = "Snowwhite", "Snowwhite\Snowwhite.csproj", "{F69B7435-56A9-4A68-ACA1-5C0460C11BE4}"
EndProject
Project("{FAE04EC0-301F-11D3-BF4B-00C04F79EFBC}") = "DragonArmy", "DragonArmy\DragonArmy.csproj", "{A4A5E5F8-5C69-4BDA-8F0D-811047DC6570}"
EndProject
Project("{FAE04EC0-301F-11D3-BF4B-00C04F79EFBC}") = "ReverseStrings", "ReverseStrings\ReverseStrings.csproj", "{9B5D508A-A408-427F-95CD-205240E1B6B9}"
EndProject
Project("{FAE04EC0-301F-11D3-BF4B-00C04F79EFBC}") = "RepeatStrings", "RepeatStrings\RepeatStrings.csproj", "{0E352AB2-20B8-4AAB-B35B-42563E899804}"
EndProject
Project("{FAE04EC0-301F-11D3-BF4B-00C04F79EFBC}") = "Substring", "Substring\Substring.csproj", "{9418B321-76BE-4643-9477-CA2DEF36FB9F}"
EndProject
Project("{FAE04EC0-301F-11D3-BF4B-00C04F79EFBC}") = "TextFilter", "TextFilter\TextFilter.csproj", "{B9C2CC76-3AE0-4449-8CF7-6AFCA3AF3E17}"
EndProject
Project("{FAE04EC0-301F-11D3-BF4B-00C04F79EFBC}") = "DigitsLettersAndOthers", "DigitsLettersAndOthers\DigitsLettersAndOthers.csproj", "{6D6B7153-3FD7-4AF4-BEBD-E3F88CCD1048}"
EndProject
Project("{FAE04EC0-301F-11D3-BF4B-00C04F79EFBC}") = "ValidUsernames", "ValidUsernames\ValidUsernames.csproj", "{266FA544-9034-4C8E-9B47-877EABFF1D88}"
EndProject
Project("{FAE04EC0-301F-11D3-BF4B-00C04F79EFBC}") = "CharacterMultiplier", "CharacterMultiplier\CharacterMultiplier.csproj", "{249660E8-9E78-4CC1-81F7-2740AC4BDBC0}"
EndProject
Project("{FAE04EC0-301F-11D3-BF4B-00C04F79EFBC}") = "ExtractFile", "ExtractFile\ExtractFile.csproj", "{7DD3856A-54E6-4050-9227-3748EC5F88C0}"
EndProject
Project("{FAE04EC0-301F-11D3-BF4B-00C04F79EFBC}") = "CaesarCipher", "CaesarCipher\CaesarCipher.csproj", "{D2338F4A-E9BE-4C33-A719-D58668C497F8}"
EndProject
Global
	GlobalSection(SolutionConfigurationPlatforms) = preSolution
		Debug|Any CPU = Debug|Any CPU
		Release|Any CPU = Release|Any CPU
	EndGlobalSection
	GlobalSection(ProjectConfigurationPlatforms) = postSolution
		{D96DB668-DF66-4354-974F-F33631971A91}.Debug|Any CPU.ActiveCfg = Debug|Any CPU
		{D96DB668-DF66-4354-974F-F33631971A91}.Debug|Any CPU.Build.0 = Debug|Any CPU
		{D96DB668-DF66-4354-974F-F33631971A91}.Release|Any CPU.ActiveCfg = Release|Any CPU
		{D96DB668-DF66-4354-974F-F33631971A91}.Release|Any CPU.Build.0 = Release|Any CPU
		{EA827F8E-7969-4680-BB0A-F16A360B59F9}.Debug|Any CPU.ActiveCfg = Debug|Any CPU
		{EA827F8E-7969-4680-BB0A-F16A360B59F9}.Debug|Any CPU.Build.0 = Debug|Any CPU
		{EA827F8E-7969-4680-BB0A-F16A360B59F9}.Release|Any CPU.ActiveCfg = Release|Any CPU
		{EA827F8E-7969-4680-BB0A-F16A360B59F9}.Release|Any CPU.Build.0 = Release|Any CPU
		{E315392C-A23B-4720-905A-6F640A603EBC}.Debug|Any CPU.ActiveCfg = Debug|Any CPU
		{E315392C-A23B-4720-905A-6F640A603EBC}.Debug|Any CPU.Build.0 = Debug|Any CPU
		{E315392C-A23B-4720-905A-6F640A603EBC}.Release|Any CPU.ActiveCfg = Release|Any CPU
		{E315392C-A23B-4720-905A-6F640A603EBC}.Release|Any CPU.Build.0 = Release|Any CPU
		{06F07E7B-3495-4A50-91D6-CA017B91989B}.Debug|Any CPU.ActiveCfg = Debug|Any CPU
		{06F07E7B-3495-4A50-91D6-CA017B91989B}.Debug|Any CPU.Build.0 = Debug|Any CPU
		{06F07E7B-3495-4A50-91D6-CA017B91989B}.Release|Any CPU.ActiveCfg = Release|Any CPU
		{06F07E7B-3495-4A50-91D6-CA017B91989B}.Release|Any CPU.Build.0 = Release|Any CPU
		{BA5CEE65-BDBE-40BF-9398-0401EDE395DB}.Debug|Any CPU.ActiveCfg = Debug|Any CPU
		{BA5CEE65-BDBE-40BF-9398-0401EDE395DB}.Debug|Any CPU.Build.0 = Debug|Any CPU
		{BA5CEE65-BDBE-40BF-9398-0401EDE395DB}.Release|Any CPU.ActiveCfg = Release|Any CPU
		{BA5CEE65-BDBE-40BF-9398-0401EDE395DB}.Release|Any CPU.Build.0 = Release|Any CPU
		{1350F1D1-933F-4739-8E05-20FBD7EE921B}.Debug|Any CPU.ActiveCfg = Debug|Any CPU
		{1350F1D1-933F-4739-8E05-20FBD7EE921B}.Debug|Any CPU.Build.0 = Debug|Any CPU
		{1350F1D1-933F-4739-8E05-20FBD7EE921B}.Release|Any CPU.ActiveCfg = Release|Any CPU
		{1350F1D1-933F-4739-8E05-20FBD7EE921B}.Release|Any CPU.Build.0 = Release|Any CPU
		{8B98BC6E-9929-40F8-9FC3-4450B34A4E17}.Debug|Any CPU.ActiveCfg = Debug|Any CPU
		{8B98BC6E-9929-40F8-9FC3-4450B34A4E17}.Debug|Any CPU.Build.0 = Debug|Any CPU
		{8B98BC6E-9929-40F8-9FC3-4450B34A4E17}.Release|Any CPU.ActiveCfg = Release|Any CPU
		{8B98BC6E-9929-40F8-9FC3-4450B34A4E17}.Release|Any CPU.Build.0 = Release|Any CPU
		{9180C365-1CED-4CE4-A29E-58279AC9879C}.Debug|Any CPU.ActiveCfg = Debug|Any CPU
		{9180C365-1CED-4CE4-A29E-58279AC9879C}.Debug|Any CPU.Build.0 = Debug|Any CPU
		{9180C365-1CED-4CE4-A29E-58279AC9879C}.Release|Any CPU.ActiveCfg = Release|Any CPU
		{9180C365-1CED-4CE4-A29E-58279AC9879C}.Release|Any CPU.Build.0 = Release|Any CPU
		{A8B5A398-5892-4D24-BF85-2D7F0ACA5D84}.Debug|Any CPU.ActiveCfg = Debug|Any CPU
		{A8B5A398-5892-4D24-BF85-2D7F0ACA5D84}.Debug|Any CPU.Build.0 = Debug|Any CPU
		{A8B5A398-5892-4D24-BF85-2D7F0ACA5D84}.Release|Any CPU.ActiveCfg = Release|Any CPU
		{A8B5A398-5892-4D24-BF85-2D7F0ACA5D84}.Release|Any CPU.Build.0 = Release|Any CPU
		{5FCA587F-B6F4-4169-A0B9-54A1EEC9230B}.Debug|Any CPU.ActiveCfg = Debug|Any CPU
		{5FCA587F-B6F4-4169-A0B9-54A1EEC9230B}.Debug|Any CPU.Build.0 = Debug|Any CPU
		{5FCA587F-B6F4-4169-A0B9-54A1EEC9230B}.Release|Any CPU.ActiveCfg = Release|Any CPU
		{5FCA587F-B6F4-4169-A0B9-54A1EEC9230B}.Release|Any CPU.Build.0 = Release|Any CPU
		{F0E7AC80-4826-4400-999F-EC7DE26B79B5}.Debug|Any CPU.ActiveCfg = Debug|Any CPU
		{F0E7AC80-4826-4400-999F-EC7DE26B79B5}.Debug|Any CPU.Build.0 = Debug|Any CPU
		{F0E7AC80-4826-4400-999F-EC7DE26B79B5}.Release|Any CPU.ActiveCfg = Release|Any CPU
		{F0E7AC80-4826-4400-999F-EC7DE26B79B5}.Release|Any CPU.Build.0 = Release|Any CPU
		{3D9920F3-7DC3-4A1C-9E21-C3CF99EF22D8}.Debug|Any CPU.ActiveCfg = Debug|Any CPU
		{3D9920F3-7DC3-4A1C-9E21-C3CF99EF22D8}.Debug|Any CPU.Build.0 = Debug|Any CPU
		{3D9920F3-7DC3-4A1C-9E21-C3CF99EF22D8}.Release|Any CPU.ActiveCfg = Release|Any CPU
		{3D9920F3-7DC3-4A1C-9E21-C3CF99EF22D8}.Release|Any CPU.Build.0 = Release|Any CPU
		{B8C6599C-C5A6-41EA-8561-DDC7E092C2BC}.Debug|Any CPU.ActiveCfg = Debug|Any CPU
		{B8C6599C-C5A6-41EA-8561-DDC7E092C2BC}.Debug|Any CPU.Build.0 = Debug|Any CPU
		{B8C6599C-C5A6-41EA-8561-DDC7E092C2BC}.Release|Any CPU.ActiveCfg = Release|Any CPU
		{B8C6599C-C5A6-41EA-8561-DDC7E092C2BC}.Release|Any CPU.Build.0 = Release|Any CPU
		{ADD799C4-52E1-4A61-9973-8D1B1B3EC8CE}.Debug|Any CPU.ActiveCfg = Debug|Any CPU
		{ADD799C4-52E1-4A61-9973-8D1B1B3EC8CE}.Debug|Any CPU.Build.0 = Debug|Any CPU
		{ADD799C4-52E1-4A61-9973-8D1B1B3EC8CE}.Release|Any CPU.ActiveCfg = Release|Any CPU
		{ADD799C4-52E1-4A61-9973-8D1B1B3EC8CE}.Release|Any CPU.Build.0 = Release|Any CPU
		{32AF3EF4-E636-4F24-BD45-455F51F5FA71}.Debug|Any CPU.ActiveCfg = Debug|Any CPU
		{32AF3EF4-E636-4F24-BD45-455F51F5FA71}.Debug|Any CPU.Build.0 = Debug|Any CPU
		{32AF3EF4-E636-4F24-BD45-455F51F5FA71}.Release|Any CPU.ActiveCfg = Release|Any CPU
		{32AF3EF4-E636-4F24-BD45-455F51F5FA71}.Release|Any CPU.Build.0 = Release|Any CPU
		{8BAFD0F8-9736-4F40-9430-824097BF1769}.Debug|Any CPU.ActiveCfg = Debug|Any CPU
		{8BAFD0F8-9736-4F40-9430-824097BF1769}.Debug|Any CPU.Build.0 = Debug|Any CPU
		{8BAFD0F8-9736-4F40-9430-824097BF1769}.Release|Any CPU.ActiveCfg = Release|Any CPU
		{8BAFD0F8-9736-4F40-9430-824097BF1769}.Release|Any CPU.Build.0 = Release|Any CPU
		{4A9AD0F2-97F1-43F6-B9FE-01BB79D9B2D4}.Debug|Any CPU.ActiveCfg = Debug|Any CPU
		{4A9AD0F2-97F1-43F6-B9FE-01BB79D9B2D4}.Debug|Any CPU.Build.0 = Debug|Any CPU
		{4A9AD0F2-97F1-43F6-B9FE-01BB79D9B2D4}.Release|Any CPU.ActiveCfg = Release|Any CPU
		{4A9AD0F2-97F1-43F6-B9FE-01BB79D9B2D4}.Release|Any CPU.Build.0 = Release|Any CPU
		{77258730-DD33-418E-AC14-D0C563B1C97A}.Debug|Any CPU.ActiveCfg = Debug|Any CPU
		{77258730-DD33-418E-AC14-D0C563B1C97A}.Debug|Any CPU.Build.0 = Debug|Any CPU
		{77258730-DD33-418E-AC14-D0C563B1C97A}.Release|Any CPU.ActiveCfg = Release|Any CPU
		{77258730-DD33-418E-AC14-D0C563B1C97A}.Release|Any CPU.Build.0 = Release|Any CPU
		{39C8462C-A701-492A-A46E-8B4FE301842A}.Debug|Any CPU.ActiveCfg = Debug|Any CPU
		{39C8462C-A701-492A-A46E-8B4FE301842A}.Debug|Any CPU.Build.0 = Debug|Any CPU
		{39C8462C-A701-492A-A46E-8B4FE301842A}.Release|Any CPU.ActiveCfg = Release|Any CPU
		{39C8462C-A701-492A-A46E-8B4FE301842A}.Release|Any CPU.Build.0 = Release|Any CPU
		{52D88170-990B-4A01-9B5A-8398A739B173}.Debug|Any CPU.ActiveCfg = Debug|Any CPU
		{52D88170-990B-4A01-9B5A-8398A739B173}.Debug|Any CPU.Build.0 = Debug|Any CPU
		{52D88170-990B-4A01-9B5A-8398A739B173}.Release|Any CPU.ActiveCfg = Release|Any CPU
		{52D88170-990B-4A01-9B5A-8398A739B173}.Release|Any CPU.Build.0 = Release|Any CPU
		{22B65DE3-DD70-425A-933D-24A6BF4B15DD}.Debug|Any CPU.ActiveCfg = Debug|Any CPU
		{22B65DE3-DD70-425A-933D-24A6BF4B15DD}.Debug|Any CPU.Build.0 = Debug|Any CPU
		{22B65DE3-DD70-425A-933D-24A6BF4B15DD}.Release|Any CPU.ActiveCfg = Release|Any CPU
		{22B65DE3-DD70-425A-933D-24A6BF4B15DD}.Release|Any CPU.Build.0 = Release|Any CPU
		{110CD7D6-EE3E-453D-A915-136A277392CF}.Debug|Any CPU.ActiveCfg = Debug|Any CPU
		{110CD7D6-EE3E-453D-A915-136A277392CF}.Debug|Any CPU.Build.0 = Debug|Any CPU
		{110CD7D6-EE3E-453D-A915-136A277392CF}.Release|Any CPU.ActiveCfg = Release|Any CPU
		{110CD7D6-EE3E-453D-A915-136A277392CF}.Release|Any CPU.Build.0 = Release|Any CPU
		{F1D0CEF0-C155-4A9F-A98A-D67D8C1998B1}.Debug|Any CPU.ActiveCfg = Debug|Any CPU
		{F1D0CEF0-C155-4A9F-A98A-D67D8C1998B1}.Debug|Any CPU.Build.0 = Debug|Any CPU
		{F1D0CEF0-C155-4A9F-A98A-D67D8C1998B1}.Release|Any CPU.ActiveCfg = Release|Any CPU
		{F1D0CEF0-C155-4A9F-A98A-D67D8C1998B1}.Release|Any CPU.Build.0 = Release|Any CPU
		{1FC51531-34F0-47B8-99E6-8A0A629B020B}.Debug|Any CPU.ActiveCfg = Debug|Any CPU
		{1FC51531-34F0-47B8-99E6-8A0A629B020B}.Debug|Any CPU.Build.0 = Debug|Any CPU
		{1FC51531-34F0-47B8-99E6-8A0A629B020B}.Release|Any CPU.ActiveCfg = Release|Any CPU
		{1FC51531-34F0-47B8-99E6-8A0A629B020B}.Release|Any CPU.Build.0 = Release|Any CPU
		{D52E922E-86C5-4C34-B0D0-B6494DBFD82F}.Debug|Any CPU.ActiveCfg = Debug|Any CPU
		{D52E922E-86C5-4C34-B0D0-B6494DBFD82F}.Debug|Any CPU.Build.0 = Debug|Any CPU
		{D52E922E-86C5-4C34-B0D0-B6494DBFD82F}.Release|Any CPU.ActiveCfg = Release|Any CPU
		{D52E922E-86C5-4C34-B0D0-B6494DBFD82F}.Release|Any CPU.Build.0 = Release|Any CPU
		{6DC2110C-1B33-447F-A498-5ADDB32FCAF4}.Debug|Any CPU.ActiveCfg = Debug|Any CPU
		{6DC2110C-1B33-447F-A498-5ADDB32FCAF4}.Debug|Any CPU.Build.0 = Debug|Any CPU
		{6DC2110C-1B33-447F-A498-5ADDB32FCAF4}.Release|Any CPU.ActiveCfg = Release|Any CPU
		{6DC2110C-1B33-447F-A498-5ADDB32FCAF4}.Release|Any CPU.Build.0 = Release|Any CPU
		{E4636F30-6D1C-4840-AC60-26CE2CFE0D3B}.Debug|Any CPU.ActiveCfg = Debug|Any CPU
		{E4636F30-6D1C-4840-AC60-26CE2CFE0D3B}.Debug|Any CPU.Build.0 = Debug|Any CPU
		{E4636F30-6D1C-4840-AC60-26CE2CFE0D3B}.Release|Any CPU.ActiveCfg = Release|Any CPU
		{E4636F30-6D1C-4840-AC60-26CE2CFE0D3B}.Release|Any CPU.Build.0 = Release|Any CPU
		{F53E5444-73D3-4CDA-BA1C-67B86968C362}.Debug|Any CPU.ActiveCfg = Debug|Any CPU
		{F53E5444-73D3-4CDA-BA1C-67B86968C362}.Debug|Any CPU.Build.0 = Debug|Any CPU
		{F53E5444-73D3-4CDA-BA1C-67B86968C362}.Release|Any CPU.ActiveCfg = Release|Any CPU
		{F53E5444-73D3-4CDA-BA1C-67B86968C362}.Release|Any CPU.Build.0 = Release|Any CPU
		{529E2E01-C245-4510-905F-2BB460775C08}.Debug|Any CPU.ActiveCfg = Debug|Any CPU
		{529E2E01-C245-4510-905F-2BB460775C08}.Debug|Any CPU.Build.0 = Debug|Any CPU
		{529E2E01-C245-4510-905F-2BB460775C08}.Release|Any CPU.ActiveCfg = Release|Any CPU
		{529E2E01-C245-4510-905F-2BB460775C08}.Release|Any CPU.Build.0 = Release|Any CPU
		{FC3536FE-5961-4B84-99A9-92FA2F404CAC}.Debug|Any CPU.ActiveCfg = Debug|Any CPU
		{FC3536FE-5961-4B84-99A9-92FA2F404CAC}.Debug|Any CPU.Build.0 = Debug|Any CPU
		{FC3536FE-5961-4B84-99A9-92FA2F404CAC}.Release|Any CPU.ActiveCfg = Release|Any CPU
		{FC3536FE-5961-4B84-99A9-92FA2F404CAC}.Release|Any CPU.Build.0 = Release|Any CPU
		{D7288F54-DE40-4B9E-9FF5-0D2E9C5F1611}.Debug|Any CPU.ActiveCfg = Debug|Any CPU
		{D7288F54-DE40-4B9E-9FF5-0D2E9C5F1611}.Debug|Any CPU.Build.0 = Debug|Any CPU
		{D7288F54-DE40-4B9E-9FF5-0D2E9C5F1611}.Release|Any CPU.ActiveCfg = Release|Any CPU
		{D7288F54-DE40-4B9E-9FF5-0D2E9C5F1611}.Release|Any CPU.Build.0 = Release|Any CPU
		{CDC1B064-C662-4A98-AF2E-0AE41BCDCEC6}.Debug|Any CPU.ActiveCfg = Debug|Any CPU
		{CDC1B064-C662-4A98-AF2E-0AE41BCDCEC6}.Debug|Any CPU.Build.0 = Debug|Any CPU
		{CDC1B064-C662-4A98-AF2E-0AE41BCDCEC6}.Release|Any CPU.ActiveCfg = Release|Any CPU
		{CDC1B064-C662-4A98-AF2E-0AE41BCDCEC6}.Release|Any CPU.Build.0 = Release|Any CPU
		{FD064E5A-2668-447D-8647-C8D4D1325D42}.Debug|Any CPU.ActiveCfg = Debug|Any CPU
		{FD064E5A-2668-447D-8647-C8D4D1325D42}.Debug|Any CPU.Build.0 = Debug|Any CPU
		{FD064E5A-2668-447D-8647-C8D4D1325D42}.Release|Any CPU.ActiveCfg = Release|Any CPU
		{FD064E5A-2668-447D-8647-C8D4D1325D42}.Release|Any CPU.Build.0 = Release|Any CPU
		{F9F696EF-58B2-4F22-8BEB-D35A6B0C53F3}.Debug|Any CPU.ActiveCfg = Debug|Any CPU
		{F9F696EF-58B2-4F22-8BEB-D35A6B0C53F3}.Debug|Any CPU.Build.0 = Debug|Any CPU
		{F9F696EF-58B2-4F22-8BEB-D35A6B0C53F3}.Release|Any CPU.ActiveCfg = Release|Any CPU
		{F9F696EF-58B2-4F22-8BEB-D35A6B0C53F3}.Release|Any CPU.Build.0 = Release|Any CPU
		{3546DDCC-AA70-43CB-AD24-AE73C9E01FDB}.Debug|Any CPU.ActiveCfg = Debug|Any CPU
		{3546DDCC-AA70-43CB-AD24-AE73C9E01FDB}.Debug|Any CPU.Build.0 = Debug|Any CPU
		{3546DDCC-AA70-43CB-AD24-AE73C9E01FDB}.Release|Any CPU.ActiveCfg = Release|Any CPU
		{3546DDCC-AA70-43CB-AD24-AE73C9E01FDB}.Release|Any CPU.Build.0 = Release|Any CPU
		{08031252-1FD4-4E47-97FA-AC9470AF70FD}.Debug|Any CPU.ActiveCfg = Debug|Any CPU
		{08031252-1FD4-4E47-97FA-AC9470AF70FD}.Debug|Any CPU.Build.0 = Debug|Any CPU
		{08031252-1FD4-4E47-97FA-AC9470AF70FD}.Release|Any CPU.ActiveCfg = Release|Any CPU
		{08031252-1FD4-4E47-97FA-AC9470AF70FD}.Release|Any CPU.Build.0 = Release|Any CPU
		{D23F7A10-97A5-4033-81DE-F0BC4C79BD27}.Debug|Any CPU.ActiveCfg = Debug|Any CPU
		{D23F7A10-97A5-4033-81DE-F0BC4C79BD27}.Debug|Any CPU.Build.0 = Debug|Any CPU
		{D23F7A10-97A5-4033-81DE-F0BC4C79BD27}.Release|Any CPU.ActiveCfg = Release|Any CPU
		{D23F7A10-97A5-4033-81DE-F0BC4C79BD27}.Release|Any CPU.Build.0 = Release|Any CPU
		{BE5F4441-2D50-4B02-B51B-94D2A4D7F69A}.Debug|Any CPU.ActiveCfg = Debug|Any CPU
		{BE5F4441-2D50-4B02-B51B-94D2A4D7F69A}.Debug|Any CPU.Build.0 = Debug|Any CPU
		{BE5F4441-2D50-4B02-B51B-94D2A4D7F69A}.Release|Any CPU.ActiveCfg = Release|Any CPU
		{BE5F4441-2D50-4B02-B51B-94D2A4D7F69A}.Release|Any CPU.Build.0 = Release|Any CPU
		{B14C54EA-2D16-4BFC-81F9-08CA1CB458BC}.Debug|Any CPU.ActiveCfg = Debug|Any CPU
		{B14C54EA-2D16-4BFC-81F9-08CA1CB458BC}.Debug|Any CPU.Build.0 = Debug|Any CPU
		{B14C54EA-2D16-4BFC-81F9-08CA1CB458BC}.Release|Any CPU.ActiveCfg = Release|Any CPU
		{B14C54EA-2D16-4BFC-81F9-08CA1CB458BC}.Release|Any CPU.Build.0 = Release|Any CPU
		{59BCC598-6C41-4D72-A0C4-C0739FA64BA8}.Debug|Any CPU.ActiveCfg = Debug|Any CPU
		{59BCC598-6C41-4D72-A0C4-C0739FA64BA8}.Debug|Any CPU.Build.0 = Debug|Any CPU
		{59BCC598-6C41-4D72-A0C4-C0739FA64BA8}.Release|Any CPU.ActiveCfg = Release|Any CPU
		{59BCC598-6C41-4D72-A0C4-C0739FA64BA8}.Release|Any CPU.Build.0 = Release|Any CPU
		{403138A0-F0FA-4891-8005-E754B21BF231}.Debug|Any CPU.ActiveCfg = Debug|Any CPU
		{403138A0-F0FA-4891-8005-E754B21BF231}.Debug|Any CPU.Build.0 = Debug|Any CPU
		{403138A0-F0FA-4891-8005-E754B21BF231}.Release|Any CPU.ActiveCfg = Release|Any CPU
		{403138A0-F0FA-4891-8005-E754B21BF231}.Release|Any CPU.Build.0 = Release|Any CPU
		{09CB686C-3297-4D36-BBF3-CD00D45F189D}.Debug|Any CPU.ActiveCfg = Debug|Any CPU
		{09CB686C-3297-4D36-BBF3-CD00D45F189D}.Debug|Any CPU.Build.0 = Debug|Any CPU
		{09CB686C-3297-4D36-BBF3-CD00D45F189D}.Release|Any CPU.ActiveCfg = Release|Any CPU
		{09CB686C-3297-4D36-BBF3-CD00D45F189D}.Release|Any CPU.Build.0 = Release|Any CPU
		{5562972C-E700-4328-8DF1-C8CEAB918140}.Debug|Any CPU.ActiveCfg = Debug|Any CPU
		{5562972C-E700-4328-8DF1-C8CEAB918140}.Debug|Any CPU.Build.0 = Debug|Any CPU
		{5562972C-E700-4328-8DF1-C8CEAB918140}.Release|Any CPU.ActiveCfg = Release|Any CPU
		{5562972C-E700-4328-8DF1-C8CEAB918140}.Release|Any CPU.Build.0 = Release|Any CPU
		{9C900A10-3C97-4CB9-B499-4B0FED5F8C83}.Debug|Any CPU.ActiveCfg = Debug|Any CPU
		{9C900A10-3C97-4CB9-B499-4B0FED5F8C83}.Debug|Any CPU.Build.0 = Debug|Any CPU
		{9C900A10-3C97-4CB9-B499-4B0FED5F8C83}.Release|Any CPU.ActiveCfg = Release|Any CPU
		{9C900A10-3C97-4CB9-B499-4B0FED5F8C83}.Release|Any CPU.Build.0 = Release|Any CPU
		{DFF5127B-A3EA-4E59-8431-B4284B84D365}.Debug|Any CPU.ActiveCfg = Debug|Any CPU
		{DFF5127B-A3EA-4E59-8431-B4284B84D365}.Debug|Any CPU.Build.0 = Debug|Any CPU
		{DFF5127B-A3EA-4E59-8431-B4284B84D365}.Release|Any CPU.ActiveCfg = Release|Any CPU
		{DFF5127B-A3EA-4E59-8431-B4284B84D365}.Release|Any CPU.Build.0 = Release|Any CPU
		{A4D1EF7F-1148-4008-9B38-F8ED62C8E67D}.Debug|Any CPU.ActiveCfg = Debug|Any CPU
		{A4D1EF7F-1148-4008-9B38-F8ED62C8E67D}.Debug|Any CPU.Build.0 = Debug|Any CPU
		{A4D1EF7F-1148-4008-9B38-F8ED62C8E67D}.Release|Any CPU.ActiveCfg = Release|Any CPU
		{A4D1EF7F-1148-4008-9B38-F8ED62C8E67D}.Release|Any CPU.Build.0 = Release|Any CPU
		{1B270898-E988-499D-BBCB-C93F3F04B7BA}.Debug|Any CPU.ActiveCfg = Debug|Any CPU
		{1B270898-E988-499D-BBCB-C93F3F04B7BA}.Debug|Any CPU.Build.0 = Debug|Any CPU
		{1B270898-E988-499D-BBCB-C93F3F04B7BA}.Release|Any CPU.ActiveCfg = Release|Any CPU
		{1B270898-E988-499D-BBCB-C93F3F04B7BA}.Release|Any CPU.Build.0 = Release|Any CPU
		{F240DB27-5F90-44E0-9EB2-43B55B317520}.Debug|Any CPU.ActiveCfg = Debug|Any CPU
		{F240DB27-5F90-44E0-9EB2-43B55B317520}.Debug|Any CPU.Build.0 = Debug|Any CPU
		{F240DB27-5F90-44E0-9EB2-43B55B317520}.Release|Any CPU.ActiveCfg = Release|Any CPU
		{F240DB27-5F90-44E0-9EB2-43B55B317520}.Release|Any CPU.Build.0 = Release|Any CPU
		{B48DA381-1A98-47D4-BF63-D8BE97CD1235}.Debug|Any CPU.ActiveCfg = Debug|Any CPU
		{B48DA381-1A98-47D4-BF63-D8BE97CD1235}.Debug|Any CPU.Build.0 = Debug|Any CPU
		{B48DA381-1A98-47D4-BF63-D8BE97CD1235}.Release|Any CPU.ActiveCfg = Release|Any CPU
		{B48DA381-1A98-47D4-BF63-D8BE97CD1235}.Release|Any CPU.Build.0 = Release|Any CPU
		{01CC51C3-DAF3-4AEE-BFE3-88B75521DE87}.Debug|Any CPU.ActiveCfg = Debug|Any CPU
		{01CC51C3-DAF3-4AEE-BFE3-88B75521DE87}.Debug|Any CPU.Build.0 = Debug|Any CPU
		{01CC51C3-DAF3-4AEE-BFE3-88B75521DE87}.Release|Any CPU.ActiveCfg = Release|Any CPU
		{01CC51C3-DAF3-4AEE-BFE3-88B75521DE87}.Release|Any CPU.Build.0 = Release|Any CPU
		{4B29E9A0-CF47-4F8D-974A-8FE6252A5D65}.Debug|Any CPU.ActiveCfg = Debug|Any CPU
		{4B29E9A0-CF47-4F8D-974A-8FE6252A5D65}.Debug|Any CPU.Build.0 = Debug|Any CPU
		{4B29E9A0-CF47-4F8D-974A-8FE6252A5D65}.Release|Any CPU.ActiveCfg = Release|Any CPU
		{4B29E9A0-CF47-4F8D-974A-8FE6252A5D65}.Release|Any CPU.Build.0 = Release|Any CPU
		{DDC9C9B8-242C-4E40-91DD-70CF96B6BFA0}.Debug|Any CPU.ActiveCfg = Debug|Any CPU
		{DDC9C9B8-242C-4E40-91DD-70CF96B6BFA0}.Debug|Any CPU.Build.0 = Debug|Any CPU
		{DDC9C9B8-242C-4E40-91DD-70CF96B6BFA0}.Release|Any CPU.ActiveCfg = Release|Any CPU
		{DDC9C9B8-242C-4E40-91DD-70CF96B6BFA0}.Release|Any CPU.Build.0 = Release|Any CPU
		{32767C51-5270-49DD-A058-423A2661BA0B}.Debug|Any CPU.ActiveCfg = Debug|Any CPU
		{32767C51-5270-49DD-A058-423A2661BA0B}.Debug|Any CPU.Build.0 = Debug|Any CPU
		{32767C51-5270-49DD-A058-423A2661BA0B}.Release|Any CPU.ActiveCfg = Release|Any CPU
		{32767C51-5270-49DD-A058-423A2661BA0B}.Release|Any CPU.Build.0 = Release|Any CPU
		{675B5A51-7B64-4387-9F8F-CAB051D3D129}.Debug|Any CPU.ActiveCfg = Debug|Any CPU
		{675B5A51-7B64-4387-9F8F-CAB051D3D129}.Debug|Any CPU.Build.0 = Debug|Any CPU
		{675B5A51-7B64-4387-9F8F-CAB051D3D129}.Release|Any CPU.ActiveCfg = Release|Any CPU
		{675B5A51-7B64-4387-9F8F-CAB051D3D129}.Release|Any CPU.Build.0 = Release|Any CPU
		{C7907D27-049D-48C1-B7F7-41EA24807CA8}.Debug|Any CPU.ActiveCfg = Debug|Any CPU
		{C7907D27-049D-48C1-B7F7-41EA24807CA8}.Debug|Any CPU.Build.0 = Debug|Any CPU
		{C7907D27-049D-48C1-B7F7-41EA24807CA8}.Release|Any CPU.ActiveCfg = Release|Any CPU
		{C7907D27-049D-48C1-B7F7-41EA24807CA8}.Release|Any CPU.Build.0 = Release|Any CPU
		{F2A6EEBF-9C8F-4279-812B-50DF991988D1}.Debug|Any CPU.ActiveCfg = Debug|Any CPU
		{F2A6EEBF-9C8F-4279-812B-50DF991988D1}.Debug|Any CPU.Build.0 = Debug|Any CPU
		{F2A6EEBF-9C8F-4279-812B-50DF991988D1}.Release|Any CPU.ActiveCfg = Release|Any CPU
		{F2A6EEBF-9C8F-4279-812B-50DF991988D1}.Release|Any CPU.Build.0 = Release|Any CPU
		{B28CD8CA-DFD0-44F2-BF47-E69A010C2D94}.Debug|Any CPU.ActiveCfg = Debug|Any CPU
		{B28CD8CA-DFD0-44F2-BF47-E69A010C2D94}.Debug|Any CPU.Build.0 = Debug|Any CPU
		{B28CD8CA-DFD0-44F2-BF47-E69A010C2D94}.Release|Any CPU.ActiveCfg = Release|Any CPU
		{B28CD8CA-DFD0-44F2-BF47-E69A010C2D94}.Release|Any CPU.Build.0 = Release|Any CPU
		{572493B1-8E3F-4560-A49F-B28D5362B7A7}.Debug|Any CPU.ActiveCfg = Debug|Any CPU
		{572493B1-8E3F-4560-A49F-B28D5362B7A7}.Debug|Any CPU.Build.0 = Debug|Any CPU
		{572493B1-8E3F-4560-A49F-B28D5362B7A7}.Release|Any CPU.ActiveCfg = Release|Any CPU
		{572493B1-8E3F-4560-A49F-B28D5362B7A7}.Release|Any CPU.Build.0 = Release|Any CPU
		{C7EB721F-4AFC-4F31-A019-F3B645898624}.Debug|Any CPU.ActiveCfg = Debug|Any CPU
		{C7EB721F-4AFC-4F31-A019-F3B645898624}.Debug|Any CPU.Build.0 = Debug|Any CPU
		{C7EB721F-4AFC-4F31-A019-F3B645898624}.Release|Any CPU.ActiveCfg = Release|Any CPU
		{C7EB721F-4AFC-4F31-A019-F3B645898624}.Release|Any CPU.Build.0 = Release|Any CPU
		{C58BC7AF-C3EF-4ED2-8EB1-3840E71448CE}.Debug|Any CPU.ActiveCfg = Debug|Any CPU
		{C58BC7AF-C3EF-4ED2-8EB1-3840E71448CE}.Debug|Any CPU.Build.0 = Debug|Any CPU
		{C58BC7AF-C3EF-4ED2-8EB1-3840E71448CE}.Release|Any CPU.ActiveCfg = Release|Any CPU
		{C58BC7AF-C3EF-4ED2-8EB1-3840E71448CE}.Release|Any CPU.Build.0 = Release|Any CPU
		{1111AA48-AFC7-494A-9A43-2627FE7EC3EB}.Debug|Any CPU.ActiveCfg = Debug|Any CPU
		{1111AA48-AFC7-494A-9A43-2627FE7EC3EB}.Debug|Any CPU.Build.0 = Debug|Any CPU
		{1111AA48-AFC7-494A-9A43-2627FE7EC3EB}.Release|Any CPU.ActiveCfg = Release|Any CPU
		{1111AA48-AFC7-494A-9A43-2627FE7EC3EB}.Release|Any CPU.Build.0 = Release|Any CPU
		{A27C276A-6D2F-4A6B-825C-0C45B0A416E3}.Debug|Any CPU.ActiveCfg = Debug|Any CPU
		{A27C276A-6D2F-4A6B-825C-0C45B0A416E3}.Debug|Any CPU.Build.0 = Debug|Any CPU
		{A27C276A-6D2F-4A6B-825C-0C45B0A416E3}.Release|Any CPU.ActiveCfg = Release|Any CPU
		{A27C276A-6D2F-4A6B-825C-0C45B0A416E3}.Release|Any CPU.Build.0 = Release|Any CPU
		{349C1506-C855-4AAC-ABEC-7B5026AF078D}.Debug|Any CPU.ActiveCfg = Debug|Any CPU
		{349C1506-C855-4AAC-ABEC-7B5026AF078D}.Debug|Any CPU.Build.0 = Debug|Any CPU
		{349C1506-C855-4AAC-ABEC-7B5026AF078D}.Release|Any CPU.ActiveCfg = Release|Any CPU
		{349C1506-C855-4AAC-ABEC-7B5026AF078D}.Release|Any CPU.Build.0 = Release|Any CPU
		{6FC5509B-3CD6-409D-86BB-2DB88E8C9DA6}.Debug|Any CPU.ActiveCfg = Debug|Any CPU
		{6FC5509B-3CD6-409D-86BB-2DB88E8C9DA6}.Debug|Any CPU.Build.0 = Debug|Any CPU
		{6FC5509B-3CD6-409D-86BB-2DB88E8C9DA6}.Release|Any CPU.ActiveCfg = Release|Any CPU
		{6FC5509B-3CD6-409D-86BB-2DB88E8C9DA6}.Release|Any CPU.Build.0 = Release|Any CPU
		{7E2CA145-BF41-41D1-8BEB-A44FF8ABA541}.Debug|Any CPU.ActiveCfg = Debug|Any CPU
		{7E2CA145-BF41-41D1-8BEB-A44FF8ABA541}.Debug|Any CPU.Build.0 = Debug|Any CPU
		{7E2CA145-BF41-41D1-8BEB-A44FF8ABA541}.Release|Any CPU.ActiveCfg = Release|Any CPU
		{7E2CA145-BF41-41D1-8BEB-A44FF8ABA541}.Release|Any CPU.Build.0 = Release|Any CPU
		{E12BEF0A-96BD-4996-95D1-8C69C6CC90DE}.Debug|Any CPU.ActiveCfg = Debug|Any CPU
		{E12BEF0A-96BD-4996-95D1-8C69C6CC90DE}.Debug|Any CPU.Build.0 = Debug|Any CPU
		{E12BEF0A-96BD-4996-95D1-8C69C6CC90DE}.Release|Any CPU.ActiveCfg = Release|Any CPU
		{E12BEF0A-96BD-4996-95D1-8C69C6CC90DE}.Release|Any CPU.Build.0 = Release|Any CPU
		{1FE46CC1-60B3-4E28-BA08-367E99F90752}.Debug|Any CPU.ActiveCfg = Debug|Any CPU
		{1FE46CC1-60B3-4E28-BA08-367E99F90752}.Debug|Any CPU.Build.0 = Debug|Any CPU
		{1FE46CC1-60B3-4E28-BA08-367E99F90752}.Release|Any CPU.ActiveCfg = Release|Any CPU
		{1FE46CC1-60B3-4E28-BA08-367E99F90752}.Release|Any CPU.Build.0 = Release|Any CPU
		{70762364-E95E-4930-8D2E-883B6177379C}.Debug|Any CPU.ActiveCfg = Debug|Any CPU
		{70762364-E95E-4930-8D2E-883B6177379C}.Debug|Any CPU.Build.0 = Debug|Any CPU
		{70762364-E95E-4930-8D2E-883B6177379C}.Release|Any CPU.ActiveCfg = Release|Any CPU
		{70762364-E95E-4930-8D2E-883B6177379C}.Release|Any CPU.Build.0 = Release|Any CPU
		{B9F51714-C680-4A68-9EBD-78DB63583B42}.Debug|Any CPU.ActiveCfg = Debug|Any CPU
		{B9F51714-C680-4A68-9EBD-78DB63583B42}.Debug|Any CPU.Build.0 = Debug|Any CPU
		{B9F51714-C680-4A68-9EBD-78DB63583B42}.Release|Any CPU.ActiveCfg = Release|Any CPU
		{B9F51714-C680-4A68-9EBD-78DB63583B42}.Release|Any CPU.Build.0 = Release|Any CPU
		{6525AC2A-0ABE-4254-842F-31BE05D0F7BE}.Debug|Any CPU.ActiveCfg = Debug|Any CPU
		{6525AC2A-0ABE-4254-842F-31BE05D0F7BE}.Debug|Any CPU.Build.0 = Debug|Any CPU
		{6525AC2A-0ABE-4254-842F-31BE05D0F7BE}.Release|Any CPU.ActiveCfg = Release|Any CPU
		{6525AC2A-0ABE-4254-842F-31BE05D0F7BE}.Release|Any CPU.Build.0 = Release|Any CPU
		{F9963223-4AE7-4A13-BB33-1D4E45A3CEA4}.Debug|Any CPU.ActiveCfg = Debug|Any CPU
		{F9963223-4AE7-4A13-BB33-1D4E45A3CEA4}.Debug|Any CPU.Build.0 = Debug|Any CPU
		{F9963223-4AE7-4A13-BB33-1D4E45A3CEA4}.Release|Any CPU.ActiveCfg = Release|Any CPU
		{F9963223-4AE7-4A13-BB33-1D4E45A3CEA4}.Release|Any CPU.Build.0 = Release|Any CPU
		{4049481D-193D-407B-85D7-7FA8AB1D15BF}.Debug|Any CPU.ActiveCfg = Debug|Any CPU
		{4049481D-193D-407B-85D7-7FA8AB1D15BF}.Debug|Any CPU.Build.0 = Debug|Any CPU
		{4049481D-193D-407B-85D7-7FA8AB1D15BF}.Release|Any CPU.ActiveCfg = Release|Any CPU
		{4049481D-193D-407B-85D7-7FA8AB1D15BF}.Release|Any CPU.Build.0 = Release|Any CPU
		{7DE213DC-9184-4B24-9F44-04CDA7232B61}.Debug|Any CPU.ActiveCfg = Debug|Any CPU
		{7DE213DC-9184-4B24-9F44-04CDA7232B61}.Debug|Any CPU.Build.0 = Debug|Any CPU
		{7DE213DC-9184-4B24-9F44-04CDA7232B61}.Release|Any CPU.ActiveCfg = Release|Any CPU
		{7DE213DC-9184-4B24-9F44-04CDA7232B61}.Release|Any CPU.Build.0 = Release|Any CPU
		{9D06951C-2A9C-44A7-89A5-B08CB9933F08}.Debug|Any CPU.ActiveCfg = Debug|Any CPU
		{9D06951C-2A9C-44A7-89A5-B08CB9933F08}.Debug|Any CPU.Build.0 = Debug|Any CPU
		{9D06951C-2A9C-44A7-89A5-B08CB9933F08}.Release|Any CPU.ActiveCfg = Release|Any CPU
		{9D06951C-2A9C-44A7-89A5-B08CB9933F08}.Release|Any CPU.Build.0 = Release|Any CPU
		{B1601604-91EF-4CC8-AF39-3C5DAF809C65}.Debug|Any CPU.ActiveCfg = Debug|Any CPU
		{B1601604-91EF-4CC8-AF39-3C5DAF809C65}.Debug|Any CPU.Build.0 = Debug|Any CPU
		{B1601604-91EF-4CC8-AF39-3C5DAF809C65}.Release|Any CPU.ActiveCfg = Release|Any CPU
		{B1601604-91EF-4CC8-AF39-3C5DAF809C65}.Release|Any CPU.Build.0 = Release|Any CPU
		{C11FB11C-898C-47E7-A8FA-8AEB3B2878F2}.Debug|Any CPU.ActiveCfg = Debug|Any CPU
		{C11FB11C-898C-47E7-A8FA-8AEB3B2878F2}.Debug|Any CPU.Build.0 = Debug|Any CPU
		{C11FB11C-898C-47E7-A8FA-8AEB3B2878F2}.Release|Any CPU.ActiveCfg = Release|Any CPU
		{C11FB11C-898C-47E7-A8FA-8AEB3B2878F2}.Release|Any CPU.Build.0 = Release|Any CPU
		{97F3B463-23AC-44EF-9771-398A9CB569EB}.Debug|Any CPU.ActiveCfg = Debug|Any CPU
		{97F3B463-23AC-44EF-9771-398A9CB569EB}.Debug|Any CPU.Build.0 = Debug|Any CPU
		{97F3B463-23AC-44EF-9771-398A9CB569EB}.Release|Any CPU.ActiveCfg = Release|Any CPU
		{97F3B463-23AC-44EF-9771-398A9CB569EB}.Release|Any CPU.Build.0 = Release|Any CPU
		{BF81F81E-2368-48D4-AE5C-369278F50A7F}.Debug|Any CPU.ActiveCfg = Debug|Any CPU
		{BF81F81E-2368-48D4-AE5C-369278F50A7F}.Debug|Any CPU.Build.0 = Debug|Any CPU
		{BF81F81E-2368-48D4-AE5C-369278F50A7F}.Release|Any CPU.ActiveCfg = Release|Any CPU
		{BF81F81E-2368-48D4-AE5C-369278F50A7F}.Release|Any CPU.Build.0 = Release|Any CPU
		{FEEEE0BB-8A6B-4AF0-88C7-6AE08C514835}.Debug|Any CPU.ActiveCfg = Debug|Any CPU
		{FEEEE0BB-8A6B-4AF0-88C7-6AE08C514835}.Debug|Any CPU.Build.0 = Debug|Any CPU
		{FEEEE0BB-8A6B-4AF0-88C7-6AE08C514835}.Release|Any CPU.ActiveCfg = Release|Any CPU
		{FEEEE0BB-8A6B-4AF0-88C7-6AE08C514835}.Release|Any CPU.Build.0 = Release|Any CPU
		{706C1A61-185A-475E-99E5-FE4957029036}.Debug|Any CPU.ActiveCfg = Debug|Any CPU
		{706C1A61-185A-475E-99E5-FE4957029036}.Debug|Any CPU.Build.0 = Debug|Any CPU
		{706C1A61-185A-475E-99E5-FE4957029036}.Release|Any CPU.ActiveCfg = Release|Any CPU
		{706C1A61-185A-475E-99E5-FE4957029036}.Release|Any CPU.Build.0 = Release|Any CPU
		{58297C33-774B-4EED-B19E-D35FC320A4AD}.Debug|Any CPU.ActiveCfg = Debug|Any CPU
		{58297C33-774B-4EED-B19E-D35FC320A4AD}.Debug|Any CPU.Build.0 = Debug|Any CPU
		{58297C33-774B-4EED-B19E-D35FC320A4AD}.Release|Any CPU.ActiveCfg = Release|Any CPU
		{58297C33-774B-4EED-B19E-D35FC320A4AD}.Release|Any CPU.Build.0 = Release|Any CPU
		{3D76DAF0-C315-4871-B0A4-9CE5D63ACF3E}.Debug|Any CPU.ActiveCfg = Debug|Any CPU
		{3D76DAF0-C315-4871-B0A4-9CE5D63ACF3E}.Debug|Any CPU.Build.0 = Debug|Any CPU
		{3D76DAF0-C315-4871-B0A4-9CE5D63ACF3E}.Release|Any CPU.ActiveCfg = Release|Any CPU
		{3D76DAF0-C315-4871-B0A4-9CE5D63ACF3E}.Release|Any CPU.Build.0 = Release|Any CPU
		{6E1ECD21-5B02-4B15-AA8F-077C96AF6E3F}.Debug|Any CPU.ActiveCfg = Debug|Any CPU
		{6E1ECD21-5B02-4B15-AA8F-077C96AF6E3F}.Debug|Any CPU.Build.0 = Debug|Any CPU
		{6E1ECD21-5B02-4B15-AA8F-077C96AF6E3F}.Release|Any CPU.ActiveCfg = Release|Any CPU
		{6E1ECD21-5B02-4B15-AA8F-077C96AF6E3F}.Release|Any CPU.Build.0 = Release|Any CPU
		{5FAC5705-57EA-4861-BDB6-44C14BC3DD73}.Debug|Any CPU.ActiveCfg = Debug|Any CPU
		{5FAC5705-57EA-4861-BDB6-44C14BC3DD73}.Debug|Any CPU.Build.0 = Debug|Any CPU
		{5FAC5705-57EA-4861-BDB6-44C14BC3DD73}.Release|Any CPU.ActiveCfg = Release|Any CPU
		{5FAC5705-57EA-4861-BDB6-44C14BC3DD73}.Release|Any CPU.Build.0 = Release|Any CPU
		{5058F284-70A3-422A-B9B1-207996AE47C5}.Debug|Any CPU.ActiveCfg = Debug|Any CPU
		{5058F284-70A3-422A-B9B1-207996AE47C5}.Debug|Any CPU.Build.0 = Debug|Any CPU
		{5058F284-70A3-422A-B9B1-207996AE47C5}.Release|Any CPU.ActiveCfg = Release|Any CPU
		{5058F284-70A3-422A-B9B1-207996AE47C5}.Release|Any CPU.Build.0 = Release|Any CPU
		{E378D379-2FB0-412D-8FB7-0F1AF42741C9}.Debug|Any CPU.ActiveCfg = Debug|Any CPU
		{E378D379-2FB0-412D-8FB7-0F1AF42741C9}.Debug|Any CPU.Build.0 = Debug|Any CPU
		{E378D379-2FB0-412D-8FB7-0F1AF42741C9}.Release|Any CPU.ActiveCfg = Release|Any CPU
		{E378D379-2FB0-412D-8FB7-0F1AF42741C9}.Release|Any CPU.Build.0 = Release|Any CPU
		{0E29B9B6-9BC0-48F2-9196-0B40788B7915}.Debug|Any CPU.ActiveCfg = Debug|Any CPU
		{0E29B9B6-9BC0-48F2-9196-0B40788B7915}.Debug|Any CPU.Build.0 = Debug|Any CPU
		{0E29B9B6-9BC0-48F2-9196-0B40788B7915}.Release|Any CPU.ActiveCfg = Release|Any CPU
		{0E29B9B6-9BC0-48F2-9196-0B40788B7915}.Release|Any CPU.Build.0 = Release|Any CPU
		{4625C483-BFC9-4E92-8F54-70B9367F0781}.Debug|Any CPU.ActiveCfg = Debug|Any CPU
		{4625C483-BFC9-4E92-8F54-70B9367F0781}.Debug|Any CPU.Build.0 = Debug|Any CPU
		{4625C483-BFC9-4E92-8F54-70B9367F0781}.Release|Any CPU.ActiveCfg = Release|Any CPU
		{4625C483-BFC9-4E92-8F54-70B9367F0781}.Release|Any CPU.Build.0 = Release|Any CPU
		{D5292A93-FD11-411E-9B13-4BAC41A26457}.Debug|Any CPU.ActiveCfg = Debug|Any CPU
		{D5292A93-FD11-411E-9B13-4BAC41A26457}.Debug|Any CPU.Build.0 = Debug|Any CPU
		{D5292A93-FD11-411E-9B13-4BAC41A26457}.Release|Any CPU.ActiveCfg = Release|Any CPU
		{D5292A93-FD11-411E-9B13-4BAC41A26457}.Release|Any CPU.Build.0 = Release|Any CPU
		{327FA778-6BF4-440B-8892-9E8743A50026}.Debug|Any CPU.ActiveCfg = Debug|Any CPU
		{327FA778-6BF4-440B-8892-9E8743A50026}.Debug|Any CPU.Build.0 = Debug|Any CPU
		{327FA778-6BF4-440B-8892-9E8743A50026}.Release|Any CPU.ActiveCfg = Release|Any CPU
		{327FA778-6BF4-440B-8892-9E8743A50026}.Release|Any CPU.Build.0 = Release|Any CPU
		{208C03E6-9ECD-410C-A8B3-62001617B37A}.Debug|Any CPU.ActiveCfg = Debug|Any CPU
		{208C03E6-9ECD-410C-A8B3-62001617B37A}.Debug|Any CPU.Build.0 = Debug|Any CPU
		{208C03E6-9ECD-410C-A8B3-62001617B37A}.Release|Any CPU.ActiveCfg = Release|Any CPU
		{208C03E6-9ECD-410C-A8B3-62001617B37A}.Release|Any CPU.Build.0 = Release|Any CPU
		{832F8B5E-0EC8-452F-9B00-73CA5A6D0459}.Debug|Any CPU.ActiveCfg = Debug|Any CPU
		{832F8B5E-0EC8-452F-9B00-73CA5A6D0459}.Debug|Any CPU.Build.0 = Debug|Any CPU
		{832F8B5E-0EC8-452F-9B00-73CA5A6D0459}.Release|Any CPU.ActiveCfg = Release|Any CPU
		{832F8B5E-0EC8-452F-9B00-73CA5A6D0459}.Release|Any CPU.Build.0 = Release|Any CPU
		{39430B44-0CEA-4628-92F6-4FE5EAE3A97F}.Debug|Any CPU.ActiveCfg = Debug|Any CPU
		{39430B44-0CEA-4628-92F6-4FE5EAE3A97F}.Debug|Any CPU.Build.0 = Debug|Any CPU
		{39430B44-0CEA-4628-92F6-4FE5EAE3A97F}.Release|Any CPU.ActiveCfg = Release|Any CPU
		{39430B44-0CEA-4628-92F6-4FE5EAE3A97F}.Release|Any CPU.Build.0 = Release|Any CPU
		{4D3E55B7-8B32-4B22-8A86-3DAD022C0C4F}.Debug|Any CPU.ActiveCfg = Debug|Any CPU
		{4D3E55B7-8B32-4B22-8A86-3DAD022C0C4F}.Debug|Any CPU.Build.0 = Debug|Any CPU
		{4D3E55B7-8B32-4B22-8A86-3DAD022C0C4F}.Release|Any CPU.ActiveCfg = Release|Any CPU
		{4D3E55B7-8B32-4B22-8A86-3DAD022C0C4F}.Release|Any CPU.Build.0 = Release|Any CPU
		{E8C496D3-480A-4C96-86A8-08F1903354E6}.Debug|Any CPU.ActiveCfg = Debug|Any CPU
		{E8C496D3-480A-4C96-86A8-08F1903354E6}.Debug|Any CPU.Build.0 = Debug|Any CPU
		{E8C496D3-480A-4C96-86A8-08F1903354E6}.Release|Any CPU.ActiveCfg = Release|Any CPU
		{E8C496D3-480A-4C96-86A8-08F1903354E6}.Release|Any CPU.Build.0 = Release|Any CPU
		{321A90CB-2080-40D8-9444-27143C4757A6}.Debug|Any CPU.ActiveCfg = Debug|Any CPU
		{321A90CB-2080-40D8-9444-27143C4757A6}.Debug|Any CPU.Build.0 = Debug|Any CPU
		{321A90CB-2080-40D8-9444-27143C4757A6}.Release|Any CPU.ActiveCfg = Release|Any CPU
		{321A90CB-2080-40D8-9444-27143C4757A6}.Release|Any CPU.Build.0 = Release|Any CPU
		{97A00CD4-70A7-4F69-8366-29CAEAE40E4D}.Debug|Any CPU.ActiveCfg = Debug|Any CPU
		{97A00CD4-70A7-4F69-8366-29CAEAE40E4D}.Debug|Any CPU.Build.0 = Debug|Any CPU
		{97A00CD4-70A7-4F69-8366-29CAEAE40E4D}.Release|Any CPU.ActiveCfg = Release|Any CPU
		{97A00CD4-70A7-4F69-8366-29CAEAE40E4D}.Release|Any CPU.Build.0 = Release|Any CPU
		{CC4EC96B-D342-4184-888B-849B8BE350A0}.Debug|Any CPU.ActiveCfg = Debug|Any CPU
		{CC4EC96B-D342-4184-888B-849B8BE350A0}.Debug|Any CPU.Build.0 = Debug|Any CPU
		{CC4EC96B-D342-4184-888B-849B8BE350A0}.Release|Any CPU.ActiveCfg = Release|Any CPU
		{CC4EC96B-D342-4184-888B-849B8BE350A0}.Release|Any CPU.Build.0 = Release|Any CPU
		{0C302788-4E92-458F-A375-9387A3C7BCDD}.Debug|Any CPU.ActiveCfg = Debug|Any CPU
		{0C302788-4E92-458F-A375-9387A3C7BCDD}.Debug|Any CPU.Build.0 = Debug|Any CPU
		{0C302788-4E92-458F-A375-9387A3C7BCDD}.Release|Any CPU.ActiveCfg = Release|Any CPU
		{0C302788-4E92-458F-A375-9387A3C7BCDD}.Release|Any CPU.Build.0 = Release|Any CPU
		{ED6F64E1-D84A-46D8-8D17-760CDFA91EC7}.Debug|Any CPU.ActiveCfg = Debug|Any CPU
		{ED6F64E1-D84A-46D8-8D17-760CDFA91EC7}.Debug|Any CPU.Build.0 = Debug|Any CPU
		{ED6F64E1-D84A-46D8-8D17-760CDFA91EC7}.Release|Any CPU.ActiveCfg = Release|Any CPU
		{ED6F64E1-D84A-46D8-8D17-760CDFA91EC7}.Release|Any CPU.Build.0 = Release|Any CPU
		{5B14A5C8-3801-448D-B5A7-FA67F4F31CEC}.Debug|Any CPU.ActiveCfg = Debug|Any CPU
		{5B14A5C8-3801-448D-B5A7-FA67F4F31CEC}.Debug|Any CPU.Build.0 = Debug|Any CPU
		{5B14A5C8-3801-448D-B5A7-FA67F4F31CEC}.Release|Any CPU.ActiveCfg = Release|Any CPU
		{5B14A5C8-3801-448D-B5A7-FA67F4F31CEC}.Release|Any CPU.Build.0 = Release|Any CPU
		{A0ED0844-22D6-48BB-9816-4E9A40075F01}.Debug|Any CPU.ActiveCfg = Debug|Any CPU
		{A0ED0844-22D6-48BB-9816-4E9A40075F01}.Debug|Any CPU.Build.0 = Debug|Any CPU
		{A0ED0844-22D6-48BB-9816-4E9A40075F01}.Release|Any CPU.ActiveCfg = Release|Any CPU
		{A0ED0844-22D6-48BB-9816-4E9A40075F01}.Release|Any CPU.Build.0 = Release|Any CPU
		{8CC46D1E-A7DF-4279-9020-6066312417E6}.Debug|Any CPU.ActiveCfg = Debug|Any CPU
		{8CC46D1E-A7DF-4279-9020-6066312417E6}.Debug|Any CPU.Build.0 = Debug|Any CPU
		{8CC46D1E-A7DF-4279-9020-6066312417E6}.Release|Any CPU.ActiveCfg = Release|Any CPU
		{8CC46D1E-A7DF-4279-9020-6066312417E6}.Release|Any CPU.Build.0 = Release|Any CPU
		{007DB32F-BF29-44F9-A89F-6F3FA8B4B46B}.Debug|Any CPU.ActiveCfg = Debug|Any CPU
		{007DB32F-BF29-44F9-A89F-6F3FA8B4B46B}.Debug|Any CPU.Build.0 = Debug|Any CPU
		{007DB32F-BF29-44F9-A89F-6F3FA8B4B46B}.Release|Any CPU.ActiveCfg = Release|Any CPU
		{007DB32F-BF29-44F9-A89F-6F3FA8B4B46B}.Release|Any CPU.Build.0 = Release|Any CPU
		{A0B07D1A-A8B0-4372-ADE8-0A21ACE4B7B9}.Debug|Any CPU.ActiveCfg = Debug|Any CPU
		{A0B07D1A-A8B0-4372-ADE8-0A21ACE4B7B9}.Debug|Any CPU.Build.0 = Debug|Any CPU
		{A0B07D1A-A8B0-4372-ADE8-0A21ACE4B7B9}.Release|Any CPU.ActiveCfg = Release|Any CPU
		{A0B07D1A-A8B0-4372-ADE8-0A21ACE4B7B9}.Release|Any CPU.Build.0 = Release|Any CPU
		{EA69FC78-C6D1-4E9A-9B7F-266B09CD1C86}.Debug|Any CPU.ActiveCfg = Debug|Any CPU
		{EA69FC78-C6D1-4E9A-9B7F-266B09CD1C86}.Debug|Any CPU.Build.0 = Debug|Any CPU
		{EA69FC78-C6D1-4E9A-9B7F-266B09CD1C86}.Release|Any CPU.ActiveCfg = Release|Any CPU
		{EA69FC78-C6D1-4E9A-9B7F-266B09CD1C86}.Release|Any CPU.Build.0 = Release|Any CPU
		{DA91CBDB-D593-4FD4-AB01-7A486BB47364}.Debug|Any CPU.ActiveCfg = Debug|Any CPU
		{DA91CBDB-D593-4FD4-AB01-7A486BB47364}.Debug|Any CPU.Build.0 = Debug|Any CPU
		{DA91CBDB-D593-4FD4-AB01-7A486BB47364}.Release|Any CPU.ActiveCfg = Release|Any CPU
		{DA91CBDB-D593-4FD4-AB01-7A486BB47364}.Release|Any CPU.Build.0 = Release|Any CPU
		{39D93162-33EE-4746-9630-CD165347BD5C}.Debug|Any CPU.ActiveCfg = Debug|Any CPU
		{39D93162-33EE-4746-9630-CD165347BD5C}.Debug|Any CPU.Build.0 = Debug|Any CPU
		{39D93162-33EE-4746-9630-CD165347BD5C}.Release|Any CPU.ActiveCfg = Release|Any CPU
		{39D93162-33EE-4746-9630-CD165347BD5C}.Release|Any CPU.Build.0 = Release|Any CPU
		{12F1BFDA-B7BA-4248-AAE5-D43BF374AF8D}.Debug|Any CPU.ActiveCfg = Debug|Any CPU
		{12F1BFDA-B7BA-4248-AAE5-D43BF374AF8D}.Debug|Any CPU.Build.0 = Debug|Any CPU
		{12F1BFDA-B7BA-4248-AAE5-D43BF374AF8D}.Release|Any CPU.ActiveCfg = Release|Any CPU
		{12F1BFDA-B7BA-4248-AAE5-D43BF374AF8D}.Release|Any CPU.Build.0 = Release|Any CPU
		{7999537C-ADE2-453D-8E1C-EB21DC697775}.Debug|Any CPU.ActiveCfg = Debug|Any CPU
		{7999537C-ADE2-453D-8E1C-EB21DC697775}.Debug|Any CPU.Build.0 = Debug|Any CPU
		{7999537C-ADE2-453D-8E1C-EB21DC697775}.Release|Any CPU.ActiveCfg = Release|Any CPU
		{7999537C-ADE2-453D-8E1C-EB21DC697775}.Release|Any CPU.Build.0 = Release|Any CPU
		{A0AA5BCD-CFB4-40DD-BD00-00ADEE6ED967}.Debug|Any CPU.ActiveCfg = Debug|Any CPU
		{A0AA5BCD-CFB4-40DD-BD00-00ADEE6ED967}.Debug|Any CPU.Build.0 = Debug|Any CPU
		{A0AA5BCD-CFB4-40DD-BD00-00ADEE6ED967}.Release|Any CPU.ActiveCfg = Release|Any CPU
		{A0AA5BCD-CFB4-40DD-BD00-00ADEE6ED967}.Release|Any CPU.Build.0 = Release|Any CPU
		{F69B7435-56A9-4A68-ACA1-5C0460C11BE4}.Debug|Any CPU.ActiveCfg = Debug|Any CPU
		{F69B7435-56A9-4A68-ACA1-5C0460C11BE4}.Debug|Any CPU.Build.0 = Debug|Any CPU
		{F69B7435-56A9-4A68-ACA1-5C0460C11BE4}.Release|Any CPU.ActiveCfg = Release|Any CPU
		{F69B7435-56A9-4A68-ACA1-5C0460C11BE4}.Release|Any CPU.Build.0 = Release|Any CPU
		{A4A5E5F8-5C69-4BDA-8F0D-811047DC6570}.Debug|Any CPU.ActiveCfg = Debug|Any CPU
		{A4A5E5F8-5C69-4BDA-8F0D-811047DC6570}.Debug|Any CPU.Build.0 = Debug|Any CPU
		{A4A5E5F8-5C69-4BDA-8F0D-811047DC6570}.Release|Any CPU.ActiveCfg = Release|Any CPU
		{A4A5E5F8-5C69-4BDA-8F0D-811047DC6570}.Release|Any CPU.Build.0 = Release|Any CPU
		{9B5D508A-A408-427F-95CD-205240E1B6B9}.Debug|Any CPU.ActiveCfg = Debug|Any CPU
		{9B5D508A-A408-427F-95CD-205240E1B6B9}.Debug|Any CPU.Build.0 = Debug|Any CPU
		{9B5D508A-A408-427F-95CD-205240E1B6B9}.Release|Any CPU.ActiveCfg = Release|Any CPU
		{9B5D508A-A408-427F-95CD-205240E1B6B9}.Release|Any CPU.Build.0 = Release|Any CPU
		{0E352AB2-20B8-4AAB-B35B-42563E899804}.Debug|Any CPU.ActiveCfg = Debug|Any CPU
		{0E352AB2-20B8-4AAB-B35B-42563E899804}.Debug|Any CPU.Build.0 = Debug|Any CPU
		{0E352AB2-20B8-4AAB-B35B-42563E899804}.Release|Any CPU.ActiveCfg = Release|Any CPU
		{0E352AB2-20B8-4AAB-B35B-42563E899804}.Release|Any CPU.Build.0 = Release|Any CPU
		{9418B321-76BE-4643-9477-CA2DEF36FB9F}.Debug|Any CPU.ActiveCfg = Debug|Any CPU
		{9418B321-76BE-4643-9477-CA2DEF36FB9F}.Debug|Any CPU.Build.0 = Debug|Any CPU
		{9418B321-76BE-4643-9477-CA2DEF36FB9F}.Release|Any CPU.ActiveCfg = Release|Any CPU
		{9418B321-76BE-4643-9477-CA2DEF36FB9F}.Release|Any CPU.Build.0 = Release|Any CPU
		{B9C2CC76-3AE0-4449-8CF7-6AFCA3AF3E17}.Debug|Any CPU.ActiveCfg = Debug|Any CPU
		{B9C2CC76-3AE0-4449-8CF7-6AFCA3AF3E17}.Debug|Any CPU.Build.0 = Debug|Any CPU
		{B9C2CC76-3AE0-4449-8CF7-6AFCA3AF3E17}.Release|Any CPU.ActiveCfg = Release|Any CPU
		{B9C2CC76-3AE0-4449-8CF7-6AFCA3AF3E17}.Release|Any CPU.Build.0 = Release|Any CPU
		{6D6B7153-3FD7-4AF4-BEBD-E3F88CCD1048}.Debug|Any CPU.ActiveCfg = Debug|Any CPU
		{6D6B7153-3FD7-4AF4-BEBD-E3F88CCD1048}.Debug|Any CPU.Build.0 = Debug|Any CPU
		{6D6B7153-3FD7-4AF4-BEBD-E3F88CCD1048}.Release|Any CPU.ActiveCfg = Release|Any CPU
		{6D6B7153-3FD7-4AF4-BEBD-E3F88CCD1048}.Release|Any CPU.Build.0 = Release|Any CPU
		{266FA544-9034-4C8E-9B47-877EABFF1D88}.Debug|Any CPU.ActiveCfg = Debug|Any CPU
		{266FA544-9034-4C8E-9B47-877EABFF1D88}.Debug|Any CPU.Build.0 = Debug|Any CPU
		{266FA544-9034-4C8E-9B47-877EABFF1D88}.Release|Any CPU.ActiveCfg = Release|Any CPU
		{266FA544-9034-4C8E-9B47-877EABFF1D88}.Release|Any CPU.Build.0 = Release|Any CPU
		{249660E8-9E78-4CC1-81F7-2740AC4BDBC0}.Debug|Any CPU.ActiveCfg = Debug|Any CPU
		{249660E8-9E78-4CC1-81F7-2740AC4BDBC0}.Debug|Any CPU.Build.0 = Debug|Any CPU
		{249660E8-9E78-4CC1-81F7-2740AC4BDBC0}.Release|Any CPU.ActiveCfg = Release|Any CPU
		{249660E8-9E78-4CC1-81F7-2740AC4BDBC0}.Release|Any CPU.Build.0 = Release|Any CPU
		{7DD3856A-54E6-4050-9227-3748EC5F88C0}.Debug|Any CPU.ActiveCfg = Debug|Any CPU
		{7DD3856A-54E6-4050-9227-3748EC5F88C0}.Debug|Any CPU.Build.0 = Debug|Any CPU
		{7DD3856A-54E6-4050-9227-3748EC5F88C0}.Release|Any CPU.ActiveCfg = Release|Any CPU
		{7DD3856A-54E6-4050-9227-3748EC5F88C0}.Release|Any CPU.Build.0 = Release|Any CPU
		{D2338F4A-E9BE-4C33-A719-D58668C497F8}.Debug|Any CPU.ActiveCfg = Debug|Any CPU
		{D2338F4A-E9BE-4C33-A719-D58668C497F8}.Debug|Any CPU.Build.0 = Debug|Any CPU
		{D2338F4A-E9BE-4C33-A719-D58668C497F8}.Release|Any CPU.ActiveCfg = Release|Any CPU
		{D2338F4A-E9BE-4C33-A719-D58668C497F8}.Release|Any CPU.Build.0 = Release|Any CPU
	EndGlobalSection
	GlobalSection(SolutionProperties) = preSolution
		HideSolutionNode = FALSE
	EndGlobalSection
	GlobalSection(ExtensibilityGlobals) = postSolution
		SolutionGuid = {BEF00816-E83B-45C0-AA2F-645170D0B2A8}
	EndGlobalSection
EndGlobal
